
Microsoft Visual Studio Solution File, Format Version 12.00
# Visual Studio Version 16
VisualStudioVersion = 16.0.32002.261
MinimumVisualStudioVersion = 10.0.40219.1
Project("{8BC9CEB8-8B4A-11D0-8D11-00A0C91BC942}") = "parallel_aco", "parallel_aco\parallel_aco.vcxproj", "{9D5D9A1C-2790-49A6-965E-43DE90717CBA}"
EndProject
Global
	GlobalSection(SolutionConfigurationPlatforms) = preSolution
		Debug|x64 = Debug|x64
		Debug|x86 = Debug|x86
		Release|x64 = Release|x64
		Release|x86 = Release|x86
	EndGlobalSection
	GlobalSection(ProjectConfigurationPlatforms) = postSolution
		{9D5D9A1C-2790-49A6-965E-43DE90717CBA}.Debug|x64.ActiveCfg = Debug|x64
		{9D5D9A1C-2790-49A6-965E-43DE90717CBA}.Debug|x64.Build.0 = Debug|x64
		{9D5D9A1C-2790-49A6-965E-43DE90717CBA}.Debug|x86.ActiveCfg = Debug|Win32
		{9D5D9A1C-2790-49A6-965E-43DE90717CBA}.Debug|x86.Build.0 = Debug|Win32
		{9D5D9A1C-2790-49A6-965E-43DE90717CBA}.Release|x64.ActiveCfg = Release|x64
		{9D5D9A1C-2790-49A6-965E-43DE90717CBA}.Release|x64.Build.0 = Release|x64
		{9D5D9A1C-2790-49A6-965E-43DE90717CBA}.Release|x86.ActiveCfg = Release|Win32
		{9D5D9A1C-2790-49A6-965E-43DE90717CBA}.Release|x86.Build.0 = Release|Win32
	EndGlobalSection
	GlobalSection(SolutionProperties) = preSolution
		HideSolutionNode = FALSE
	EndGlobalSection
	GlobalSection(ExtensibilityGlobals) = postSolution
		SolutionGuid = {548997D3-056A-4657-A05E-E3E5AE2DDC54}
	EndGlobalSection
EndGlobal
